
Microsoft Visual Studio Solution File, Format Version 12.00
# Visual Studio Version 16
VisualStudioVersion = 16.0.30011.22
MinimumVisualStudioVersion = 10.0.40219.1
Project("{FAE04EC0-301F-11D3-BF4B-00C04F79EFBC}") = "SecurityProjectConsole", "SecurityProjectConsole\SecurityProjectConsole.csproj", "{8BC35D18-940A-412A-BD2B-9BC8991030F3}"
EndProject
Global
	GlobalSection(SolutionConfigurationPlatforms) = preSolution
		Debug|Any CPU = Debug|Any CPU
		Release|Any CPU = Release|Any CPU
	EndGlobalSection
	GlobalSection(ProjectConfigurationPlatforms) = postSolution
		{8BC35D18-940A-412A-BD2B-9BC8991030F3}.Debug|Any CPU.ActiveCfg = Debug|Any CPU
		{8BC35D18-940A-412A-BD2B-9BC8991030F3}.Debug|Any CPU.Build.0 = Debug|Any CPU
		{8BC35D18-940A-412A-BD2B-9BC8991030F3}.Release|Any CPU.ActiveCfg = Release|Any CPU
		{8BC35D18-940A-412A-BD2B-9BC8991030F3}.Release|Any CPU.Build.0 = Release|Any CPU
	EndGlobalSection
	GlobalSection(SolutionProperties) = preSolution
		HideSolutionNode = FALSE
	EndGlobalSection
	GlobalSection(ExtensibilityGlobals) = postSolution
		SolutionGuid = {1B7FA51C-4DA2-4142-A6EE-B523844760EF}
	EndGlobalSection
EndGlobal
