
Microsoft Visual Studio Solution File, Format Version 12.00
# Visual Studio Version 16
VisualStudioVersion = 16.0.30011.22
MinimumVisualStudioVersion = 10.0.40219.1
Project("{FAE04EC0-301F-11D3-BF4B-00C04F79EFBC}") = "SecurityProjectGui", "SecurityProjectGui\SecurityProjectGui.csproj", "{E2237BF5-9872-4A52-BA73-149B48ABD953}"
EndProject
Global
	GlobalSection(SolutionConfigurationPlatforms) = preSolution
		Debug|Any CPU = Debug|Any CPU
		Release|Any CPU = Release|Any CPU
	EndGlobalSection
	GlobalSection(ProjectConfigurationPlatforms) = postSolution
		{E2237BF5-9872-4A52-BA73-149B48ABD953}.Debug|Any CPU.ActiveCfg = Debug|Any CPU
		{E2237BF5-9872-4A52-BA73-149B48ABD953}.Debug|Any CPU.Build.0 = Debug|Any CPU
		{E2237BF5-9872-4A52-BA73-149B48ABD953}.Release|Any CPU.ActiveCfg = Release|Any CPU
		{E2237BF5-9872-4A52-BA73-149B48ABD953}.Release|Any CPU.Build.0 = Release|Any CPU
	EndGlobalSection
	GlobalSection(SolutionProperties) = preSolution
		HideSolutionNode = FALSE
	EndGlobalSection
	GlobalSection(ExtensibilityGlobals) = postSolution
		SolutionGuid = {FA875E62-81F8-4A6F-8908-A948D00F619F}
	EndGlobalSection
EndGlobal
